
Microsoft Visual Studio Solution File, Format Version 12.00
# Visual Studio Version 17
VisualStudioVersion = 17.2.32526.322
MinimumVisualStudioVersion = 10.0.40219.1
Project("{FAE04EC0-301F-11D3-BF4B-00C04F79EFBC}") = "DevFreela.Payments.API", "DevFreela.Payments.API\DevFreela.Payments.API.csproj", "{FD6F647C-2702-4C83-9B1F-E6B49FC628E8}"
EndProject
Global
	GlobalSection(SolutionConfigurationPlatforms) = preSolution
		Debug|Any CPU = Debug|Any CPU
		Release|Any CPU = Release|Any CPU
	EndGlobalSection
	GlobalSection(ProjectConfigurationPlatforms) = postSolution
		{FD6F647C-2702-4C83-9B1F-E6B49FC628E8}.Debug|Any CPU.ActiveCfg = Debug|Any CPU
		{FD6F647C-2702-4C83-9B1F-E6B49FC628E8}.Debug|Any CPU.Build.0 = Debug|Any CPU
		{FD6F647C-2702-4C83-9B1F-E6B49FC628E8}.Release|Any CPU.ActiveCfg = Release|Any CPU
		{FD6F647C-2702-4C83-9B1F-E6B49FC628E8}.Release|Any CPU.Build.0 = Release|Any CPU
	EndGlobalSection
	GlobalSection(SolutionProperties) = preSolution
		HideSolutionNode = FALSE
	EndGlobalSection
	GlobalSection(ExtensibilityGlobals) = postSolution
		SolutionGuid = {CB8B0241-B413-49D3-B6EC-1BAAD822EAAB}
	EndGlobalSection
EndGlobal
